# THIS IS AN AUTOGENERATED FILE. DO NOT EDIT THIS FILE DIRECTLY.
# yarn lockfile v1


"@klaytn/contracts@^1.0.4":
  version "1.0.4"
  resolved "https://registry.yarnpkg.com/@klaytn/contracts/-/contracts-1.0.4.tgz#ce47ca9994bd442492b8eb4d99178dc5a01a6f4c"
  integrity sha512-1MFOqt5k5KsqqKgr6L1Kz6Zf1rfWhJV2rtxz6lAE2bRT0BZhL65w2XbSTX6Konu7fdwN2ybc5mmAkMCgDAYDkg==
