# THIS IS AN AUTOGENERATED FILE. DO NOT EDIT THIS FILE DIRECTLY.
# yarn lockfile v1


"@klaytn/contracts@^1.0.6":
  version "1.0.6"
  resolved "https://registry.yarnpkg.com/@klaytn/contracts/-/contracts-1.0.6.tgz#5e242853d5f09aeb210e9cb13b9055c706e83ff7"
  integrity sha512-IqRvqPR2e4IqUe4uvPByTiKTr0V+oGHfke78h5R9rzKz+L0niXTeBs63A4b76dhktUWwYU70lbl6WsHPh7esgw==

"@openzeppelin/contracts@^4.8.2":
  version "4.8.2"
  resolved "https://registry.yarnpkg.com/@openzeppelin/contracts/-/contracts-4.8.2.tgz#d815ade0027b50beb9bcca67143c6bcc3e3923d6"
  integrity sha512-kEUOgPQszC0fSYWpbh2kT94ltOJwj1qfT2DWo+zVttmGmf97JZ99LspePNaeeaLhCImaHVeBbjaQFZQn7+Zc5g==
